
Microsoft Visual Studio Solution File, Format Version 12.00
# Visual Studio Version 16
VisualStudioVersion = 16.0.31613.86
MinimumVisualStudioVersion = 10.0.40219.1
Project("{FAE04EC0-301F-11D3-BF4B-00C04F79EFBC}") = "LoadEnvFileExtension", "LoadEnvFileExtension\LoadEnvFileExtension.csproj", "{577778F6-B6EE-45E0-89B8-667E449D0448}"
EndProject
Global
	GlobalSection(SolutionConfigurationPlatforms) = preSolution
		Debug|Any CPU = Debug|Any CPU
		Release|Any CPU = Release|Any CPU
	EndGlobalSection
	GlobalSection(ProjectConfigurationPlatforms) = postSolution
		{577778F6-B6EE-45E0-89B8-667E449D0448}.Debug|Any CPU.ActiveCfg = Debug|Any CPU
		{577778F6-B6EE-45E0-89B8-667E449D0448}.Debug|Any CPU.Build.0 = Debug|Any CPU
		{577778F6-B6EE-45E0-89B8-667E449D0448}.Release|Any CPU.ActiveCfg = Release|Any CPU
		{577778F6-B6EE-45E0-89B8-667E449D0448}.Release|Any CPU.Build.0 = Release|Any CPU
	EndGlobalSection
	GlobalSection(SolutionProperties) = preSolution
		HideSolutionNode = FALSE
	EndGlobalSection
	GlobalSection(ExtensibilityGlobals) = postSolution
		SolutionGuid = {5D884988-845C-46AC-8E25-C474CE94AD42}
	EndGlobalSection
EndGlobal
